
Microsoft Visual Studio Solution File, Format Version 11.00
# Visual Web Developer Express 2010
Project("{FAE04EC0-301F-11D3-BF4B-00C04F79EFBC}") = "Substract", "Substract\Substract.csproj", "{DE8E7EA3-98CB-4514-A8D2-0A03FC415910}"
EndProject
Project("{FAE04EC0-301F-11D3-BF4B-00C04F79EFBC}") = "SubstractLogic", "SubstractLogic\SubstractLogic.csproj", "{55CE03BA-1E0C-4A59-A2E3-103F0BB0727C}"
EndProject
Global
	GlobalSection(SolutionConfigurationPlatforms) = preSolution
		Debug|Any CPU = Debug|Any CPU
		Release|Any CPU = Release|Any CPU
	EndGlobalSection
	GlobalSection(ProjectConfigurationPlatforms) = postSolution
		{DE8E7EA3-98CB-4514-A8D2-0A03FC415910}.Debug|Any CPU.ActiveCfg = Debug|Any CPU
		{DE8E7EA3-98CB-4514-A8D2-0A03FC415910}.Debug|Any CPU.Build.0 = Debug|Any CPU
		{DE8E7EA3-98CB-4514-A8D2-0A03FC415910}.Release|Any CPU.ActiveCfg = Release|Any CPU
		{DE8E7EA3-98CB-4514-A8D2-0A03FC415910}.Release|Any CPU.Build.0 = Release|Any CPU
		{55CE03BA-1E0C-4A59-A2E3-103F0BB0727C}.Debug|Any CPU.ActiveCfg = Debug|Any CPU
		{55CE03BA-1E0C-4A59-A2E3-103F0BB0727C}.Debug|Any CPU.Build.0 = Debug|Any CPU
		{55CE03BA-1E0C-4A59-A2E3-103F0BB0727C}.Release|Any CPU.ActiveCfg = Release|Any CPU
		{55CE03BA-1E0C-4A59-A2E3-103F0BB0727C}.Release|Any CPU.Build.0 = Release|Any CPU
	EndGlobalSection
	GlobalSection(SolutionProperties) = preSolution
		HideSolutionNode = FALSE
	EndGlobalSection
EndGlobal
